
Microsoft Visual Studio Solution File, Format Version 12.00
# Visual Studio Version 17
VisualStudioVersion = 17.11.35327.3
MinimumVisualStudioVersion = 10.0.40219.1
Project("{FAE04EC0-301F-11D3-BF4B-00C04F79EFBC}") = "html.test", "html.test\html.test.csproj", "{921C1C22-C3CD-414A-AA87-05B970E80925}"
EndProject
Global
	GlobalSection(SolutionConfigurationPlatforms) = preSolution
		Debug|Any CPU = Debug|Any CPU
		Release|Any CPU = Release|Any CPU
	EndGlobalSection
	GlobalSection(ProjectConfigurationPlatforms) = postSolution
		{921C1C22-C3CD-414A-AA87-05B970E80925}.Debug|Any CPU.ActiveCfg = Debug|Any CPU
		{921C1C22-C3CD-414A-AA87-05B970E80925}.Debug|Any CPU.Build.0 = Debug|Any CPU
		{921C1C22-C3CD-414A-AA87-05B970E80925}.Release|Any CPU.ActiveCfg = Release|Any CPU
		{921C1C22-C3CD-414A-AA87-05B970E80925}.Release|Any CPU.Build.0 = Release|Any CPU
	EndGlobalSection
	GlobalSection(SolutionProperties) = preSolution
		HideSolutionNode = FALSE
	EndGlobalSection
	GlobalSection(ExtensibilityGlobals) = postSolution
		SolutionGuid = {FDC60C30-A6B0-4B93-9F00-2BFE3879FA1F}
	EndGlobalSection
EndGlobal
